
Microsoft Visual Studio Solution File, Format Version 12.00
# Visual Studio Version 17
VisualStudioVersion = 17.9.34728.123
MinimumVisualStudioVersion = 10.0.40219.1
Project("{9A19103F-16F7-4668-BE54-9A1E7A4F7556}") = "SWD.BBMS.API", "SWD.BBMS.API\SWD.BBMS.API.csproj", "{6E572BA0-A8E8-498F-B5EC-1CBAC9D7DD5B}"
EndProject
Project("{9A19103F-16F7-4668-BE54-9A1E7A4F7556}") = "SWD.BBMS.Repositories", "SWD.BBMS.Repositories\SWD.BBMS.Repositories.csproj", "{C3330CC4-0921-43F9-9E95-91CA4C16FDAD}"
EndProject
Project("{9A19103F-16F7-4668-BE54-9A1E7A4F7556}") = "SWD.BBMS.Services", "SWD.BBMS.Services\SWD.BBMS.Services.csproj", "{0D044EDC-FED0-445C-B429-29421F9E39F6}"
EndProject
Global
	GlobalSection(SolutionConfigurationPlatforms) = preSolution
		Debug|Any CPU = Debug|Any CPU
		Release|Any CPU = Release|Any CPU
	EndGlobalSection
	GlobalSection(ProjectConfigurationPlatforms) = postSolution
		{6E572BA0-A8E8-498F-B5EC-1CBAC9D7DD5B}.Debug|Any CPU.ActiveCfg = Debug|Any CPU
		{6E572BA0-A8E8-498F-B5EC-1CBAC9D7DD5B}.Debug|Any CPU.Build.0 = Debug|Any CPU
		{6E572BA0-A8E8-498F-B5EC-1CBAC9D7DD5B}.Release|Any CPU.ActiveCfg = Release|Any CPU
		{6E572BA0-A8E8-498F-B5EC-1CBAC9D7DD5B}.Release|Any CPU.Build.0 = Release|Any CPU
		{C3330CC4-0921-43F9-9E95-91CA4C16FDAD}.Debug|Any CPU.ActiveCfg = Debug|Any CPU
		{C3330CC4-0921-43F9-9E95-91CA4C16FDAD}.Debug|Any CPU.Build.0 = Debug|Any CPU
		{C3330CC4-0921-43F9-9E95-91CA4C16FDAD}.Release|Any CPU.ActiveCfg = Release|Any CPU
		{C3330CC4-0921-43F9-9E95-91CA4C16FDAD}.Release|Any CPU.Build.0 = Release|Any CPU
		{0D044EDC-FED0-445C-B429-29421F9E39F6}.Debug|Any CPU.ActiveCfg = Debug|Any CPU
		{0D044EDC-FED0-445C-B429-29421F9E39F6}.Debug|Any CPU.Build.0 = Debug|Any CPU
		{0D044EDC-FED0-445C-B429-29421F9E39F6}.Release|Any CPU.ActiveCfg = Release|Any CPU
		{0D044EDC-FED0-445C-B429-29421F9E39F6}.Release|Any CPU.Build.0 = Release|Any CPU
	EndGlobalSection
	GlobalSection(SolutionProperties) = preSolution
		HideSolutionNode = FALSE
	EndGlobalSection
	GlobalSection(ExtensibilityGlobals) = postSolution
		SolutionGuid = {292DB21F-84CC-40CD-87A2-6F167EE0E4AB}
	EndGlobalSection
EndGlobal
